
Microsoft Visual Studio Solution File, Format Version 12.00
# Visual Studio 2013
VisualStudioVersion = 12.0.40629.0
MinimumVisualStudioVersion = 10.0.40219.1
Project("{FAE04EC0-301F-11D3-BF4B-00C04F79EFBC}") = "MyFirstSample", "ServiceBusSample\MyFirstSample.csproj", "{F5BFC034-2C5F-4DA4-BB79-C773CE05E384}"
EndProject
Project("{FAE04EC0-301F-11D3-BF4B-00C04F79EFBC}") = "MessageAPI", "MessageAPI\MessageAPI.csproj", "{D6B9CAB2-0D5E-4404-B304-CB01C72FBB3F}"
EndProject
Project("{CC5FD16D-436D-48AD-A40C-5A424C6E3E79}") = "MessageService", "MessageService\MessageService.ccproj", "{DDC109BF-F773-4F7F-B386-23153A60A9A1}"
EndProject
Project("{FAE04EC0-301F-11D3-BF4B-00C04F79EFBC}") = "MySecondSample.PublishSubscribe", "ServicebusSample2\MySecondSample.PublishSubscribe.csproj", "{DD348B28-1231-4C02-894B-131144FF193A}"
EndProject
Global
	GlobalSection(SolutionConfigurationPlatforms) = preSolution
		Debug|Any CPU = Debug|Any CPU
		Release|Any CPU = Release|Any CPU
	EndGlobalSection
	GlobalSection(ProjectConfigurationPlatforms) = postSolution
		{F5BFC034-2C5F-4DA4-BB79-C773CE05E384}.Debug|Any CPU.ActiveCfg = Debug|Any CPU
		{F5BFC034-2C5F-4DA4-BB79-C773CE05E384}.Debug|Any CPU.Build.0 = Debug|Any CPU
		{F5BFC034-2C5F-4DA4-BB79-C773CE05E384}.Release|Any CPU.ActiveCfg = Release|Any CPU
		{F5BFC034-2C5F-4DA4-BB79-C773CE05E384}.Release|Any CPU.Build.0 = Release|Any CPU
		{D6B9CAB2-0D5E-4404-B304-CB01C72FBB3F}.Debug|Any CPU.ActiveCfg = Debug|Any CPU
		{D6B9CAB2-0D5E-4404-B304-CB01C72FBB3F}.Debug|Any CPU.Build.0 = Debug|Any CPU
		{D6B9CAB2-0D5E-4404-B304-CB01C72FBB3F}.Release|Any CPU.ActiveCfg = Release|Any CPU
		{D6B9CAB2-0D5E-4404-B304-CB01C72FBB3F}.Release|Any CPU.Build.0 = Release|Any CPU
		{DDC109BF-F773-4F7F-B386-23153A60A9A1}.Debug|Any CPU.ActiveCfg = Debug|Any CPU
		{DDC109BF-F773-4F7F-B386-23153A60A9A1}.Debug|Any CPU.Build.0 = Debug|Any CPU
		{DDC109BF-F773-4F7F-B386-23153A60A9A1}.Release|Any CPU.ActiveCfg = Release|Any CPU
		{DDC109BF-F773-4F7F-B386-23153A60A9A1}.Release|Any CPU.Build.0 = Release|Any CPU
		{DD348B28-1231-4C02-894B-131144FF193A}.Debug|Any CPU.ActiveCfg = Debug|Any CPU
		{DD348B28-1231-4C02-894B-131144FF193A}.Debug|Any CPU.Build.0 = Debug|Any CPU
		{DD348B28-1231-4C02-894B-131144FF193A}.Release|Any CPU.ActiveCfg = Release|Any CPU
		{DD348B28-1231-4C02-894B-131144FF193A}.Release|Any CPU.Build.0 = Release|Any CPU
	EndGlobalSection
	GlobalSection(SolutionProperties) = preSolution
		HideSolutionNode = FALSE
	EndGlobalSection
EndGlobal
